// !$*UTF8*$!
{
	archiveVersion = 1;
	classes = {
	};
	objectVersion = 46;
	objects = {

/* Begin PBXBuildFile section */
		1B301AA054460950E8EE2928 /* libPods-iVK.a in Frameworks */ = {isa = PBXBuildFile; fileRef = D1E3D2087EC2940A5DE8D67A /* libPods-iVK.a */; };
		3F447A721D2AC32800378009 /* IVKSessionDataManager.m in Sources */ = {isa = PBXBuildFile; fileRef = 3F447A711D2AC32800378009 /* IVKSessionDataManager.m */; };
		3F5EABF91D26E17000E13F60 /* UIColor+CustomColors.m in Sources */ = {isa = PBXBuildFile; fileRef = 3F5EABF81D26E17000E13F60 /* UIColor+CustomColors.m */; };
		3F6F87CE1D1D92E50041D86E /* IVKSignUpViewController.m in Sources */ = {isa = PBXBuildFile; fileRef = 3F6F87CD1D1D92E50041D86E /* IVKSignUpViewController.m */; };
		3FD3AA631D14650D007918DA /* main.m in Sources */ = {isa = PBXBuildFile; fileRef = 3FD3AA621D14650D007918DA /* main.m */; };
		3FD3AA661D14650D007918DA /* AppDelegate.m in Sources */ = {isa = PBXBuildFile; fileRef = 3FD3AA651D14650D007918DA /* AppDelegate.m */; };
		3FD3AA691D14650D007918DA /* ViewController.m in Sources */ = {isa = PBXBuildFile; fileRef = 3FD3AA681D14650D007918DA /* ViewController.m */; };
		3FD3AA6E1D14650D007918DA /* Assets.xcassets in Resources */ = {isa = PBXBuildFile; fileRef = 3FD3AA6D1D14650D007918DA /* Assets.xcassets */; };
		3FD3AA711D14650D007918DA /* LaunchScreen.storyboard in Resources */ = {isa = PBXBuildFile; fileRef = 3FD3AA6F1D14650D007918DA /* LaunchScreen.storyboard */; };
		DD2B39471D27D8440055FAC7 /* IVKSignInViewController.m in Sources */ = {isa = PBXBuildFile; fileRef = DD2B39461D27D8440055FAC7 /* IVKSignInViewController.m */; };
/* End PBXBuildFile section */

/* Begin PBXFileReference section */
		07E3A6FF703C37634865AE09 /* Pods-iVK.debug.xcconfig */ = {isa = PBXFileReference; includeInIndex = 1; lastKnownFileType = text.xcconfig; name = "Pods-iVK.debug.xcconfig"; path = "Pods/Target Support Files/Pods-iVK/Pods-iVK.debug.xcconfig"; sourceTree = "<group>"; };
		3F447A701D2AC32800378009 /* IVKSessionDataManager.h */ = {isa = PBXFileReference; fileEncoding = 4; lastKnownFileType = sourcecode.c.h; path = IVKSessionDataManager.h; sourceTree = "<group>"; };
		3F447A711D2AC32800378009 /* IVKSessionDataManager.m */ = {isa = PBXFileReference; fileEncoding = 4; lastKnownFileType = sourcecode.c.objc; path = IVKSessionDataManager.m; sourceTree = "<group>"; };
		3F5EABF71D26E17000E13F60 /* UIColor+CustomColors.h */ = {isa = PBXFileReference; fileEncoding = 4; lastKnownFileType = sourcecode.c.h; path = "UIColor+CustomColors.h"; sourceTree = "<group>"; };
		3F5EABF81D26E17000E13F60 /* UIColor+CustomColors.m */ = {isa = PBXFileReference; fileEncoding = 4; lastKnownFileType = sourcecode.c.objc; path = "UIColor+CustomColors.m"; sourceTree = "<group>"; };
		3F6F87CC1D1D92E50041D86E /* IVKSignUpViewController.h */ = {isa = PBXFileReference; fileEncoding = 4; lastKnownFileType = sourcecode.c.h; name = IVKSignUpViewController.h; path = ../IVKSignUpViewController.h; sourceTree = "<group>"; };
		3F6F87CD1D1D92E50041D86E /* IVKSignUpViewController.m */ = {isa = PBXFileReference; fileEncoding = 4; lastKnownFileType = sourcecode.c.objc; name = IVKSignUpViewController.m; path = ../IVKSignUpViewController.m; sourceTree = "<group>"; };
		3FD3AA5E1D14650D007918DA /* iVK.app */ = {isa = PBXFileReference; explicitFileType = wrapper.application; includeInIndex = 0; path = iVK.app; sourceTree = BUILT_PRODUCTS_DIR; };
		3FD3AA621D14650D007918DA /* main.m */ = {isa = PBXFileReference; lastKnownFileType = sourcecode.c.objc; path = main.m; sourceTree = "<group>"; };
		3FD3AA641D14650D007918DA /* AppDelegate.h */ = {isa = PBXFileReference; lastKnownFileType = sourcecode.c.h; path = AppDelegate.h; sourceTree = "<group>"; };
		3FD3AA651D14650D007918DA /* AppDelegate.m */ = {isa = PBXFileReference; lastKnownFileType = sourcecode.c.objc; lineEnding = 0; path = AppDelegate.m; sourceTree = "<group>"; };
		3FD3AA671D14650D007918DA /* ViewController.h */ = {isa = PBXFileReference; lastKnownFileType = sourcecode.c.h; path = ViewController.h; sourceTree = "<group>"; };
		3FD3AA681D14650D007918DA /* ViewController.m */ = {isa = PBXFileReference; lastKnownFileType = sourcecode.c.objc; path = ViewController.m; sourceTree = "<group>"; };
		3FD3AA6D1D14650D007918DA /* Assets.xcassets */ = {isa = PBXFileReference; lastKnownFileType = folder.assetcatalog; path = Assets.xcassets; sourceTree = "<group>"; };
		3FD3AA701D14650D007918DA /* Base */ = {isa = PBXFileReference; lastKnownFileType = file.storyboard; name = Base; path = Base.lproj/LaunchScreen.storyboard; sourceTree = "<group>"; };
		3FD3AA721D14650D007918DA /* Info.plist */ = {isa = PBXFileReference; lastKnownFileType = text.plist.xml; path = Info.plist; sourceTree = "<group>"; };
		82AA1BF2151F39A953035BFF /* Pods-iVK.release.xcconfig */ = {isa = PBXFileReference; includeInIndex = 1; lastKnownFileType = text.xcconfig; name = "Pods-iVK.release.xcconfig"; path = "Pods/Target Support Files/Pods-iVK/Pods-iVK.release.xcconfig"; sourceTree = "<group>"; };
		D1E3D2087EC2940A5DE8D67A /* libPods-iVK.a */ = {isa = PBXFileReference; explicitFileType = archive.ar; includeInIndex = 0; path = "libPods-iVK.a"; sourceTree = BUILT_PRODUCTS_DIR; };
		DD2B39451D27D8440055FAC7 /* IVKSignInViewController.h */ = {isa = PBXFileReference; fileEncoding = 4; lastKnownFileType = sourcecode.c.h; path = IVKSignInViewController.h; sourceTree = "<group>"; };
		DD2B39461D27D8440055FAC7 /* IVKSignInViewController.m */ = {isa = PBXFileReference; fileEncoding = 4; lastKnownFileType = sourcecode.c.objc; path = IVKSignInViewController.m; sourceTree = "<group>"; };
/* End PBXFileReference section */

/* Begin PBXFrameworksBuildPhase section */
		3FD3AA5B1D14650D007918DA /* Frameworks */ = {
			isa = PBXFrameworksBuildPhase;
			buildActionMask = 2147483647;
			files = (
				1B301AA054460950E8EE2928 /* libPods-iVK.a in Frameworks */,
			);
			runOnlyForDeploymentPostprocessing = 0;
		};
/* End PBXFrameworksBuildPhase section */

/* Begin PBXGroup section */
		2E43E30CF070B0D33259BD6F /* Frameworks */ = {
			isa = PBXGroup;
			children = (
				D1E3D2087EC2940A5DE8D67A /* libPods-iVK.a */,
			);
			name = Frameworks;
			sourceTree = "<group>";
		};
		3FD3AA551D14650D007918DA = {
			isa = PBXGroup;
			children = (
				3FD3AA601D14650D007918DA /* iVK */,
				3FD3AA5F1D14650D007918DA /* Products */,
				A6FE61E15A4C633B04E0F8A3 /* Pods */,
				2E43E30CF070B0D33259BD6F /* Frameworks */,
			);
			sourceTree = "<group>";
		};
		3FD3AA5F1D14650D007918DA /* Products */ = {
			isa = PBXGroup;
			children = (
				3FD3AA5E1D14650D007918DA /* iVK.app */,
			);
			name = Products;
			sourceTree = "<group>";
		};
		3FD3AA601D14650D007918DA /* iVK */ = {
			isa = PBXGroup;
			children = (
				3F6F87CC1D1D92E50041D86E /* IVKSignUpViewController.h */,
				3F6F87CD1D1D92E50041D86E /* IVKSignUpViewController.m */,
				3FD3AA641D14650D007918DA /* AppDelegate.h */,
				3FD3AA651D14650D007918DA /* AppDelegate.m */,
				3FD3AA671D14650D007918DA /* ViewController.h */,
				3FD3AA681D14650D007918DA /* ViewController.m */,
				3FD3AA6D1D14650D007918DA /* Assets.xcassets */,
				3FD3AA6F1D14650D007918DA /* LaunchScreen.storyboard */,
				3FD3AA721D14650D007918DA /* Info.plist */,
				3FD3AA611D14650D007918DA /* Supporting Files */,
				3F5EABF71D26E17000E13F60 /* UIColor+CustomColors.h */,
				3F5EABF81D26E17000E13F60 /* UIColor+CustomColors.m */,
				DD2B39451D27D8440055FAC7 /* IVKSignInViewController.h */,
				DD2B39461D27D8440055FAC7 /* IVKSignInViewController.m */,
				3F447A701D2AC32800378009 /* IVKSessionDataManager.h */,
				3F447A711D2AC32800378009 /* IVKSessionDataManager.m */,
			);
			path = iVK;
			sourceTree = "<group>";
		};
		3FD3AA611D14650D007918DA /* Supporting Files */ = {
			isa = PBXGroup;
			children = (
				3FD3AA621D14650D007918DA /* main.m */,
			);
			name = "Supporting Files";
			sourceTree = "<group>";
		};
		A6FE61E15A4C633B04E0F8A3 /* Pods */ = {
			isa = PBXGroup;
			children = (
				07E3A6FF703C37634865AE09 /* Pods-iVK.debug.xcconfig */,
				82AA1BF2151F39A953035BFF /* Pods-iVK.release.xcconfig */,
			);
			name = Pods;
			sourceTree = "<group>";
		};
/* End PBXGroup section */

/* Begin PBXNativeTarget section */
		3FD3AA5D1D14650D007918DA /* iVK */ = {
			isa = PBXNativeTarget;
			buildConfigurationList = 3FD3AA751D14650D007918DA /* Build configuration list for PBXNativeTarget "iVK" */;
			buildPhases = (
				AEFD99589892FAEFD0F4441D /* [CP] Check Pods Manifest.lock */,
				3FD3AA5A1D14650D007918DA /* Sources */,
				3FD3AA5B1D14650D007918DA /* Frameworks */,
				3FD3AA5C1D14650D007918DA /* Resources */,
				C07E7E87634DCC65511CB693 /* [CP] Embed Pods Frameworks */,
				0B6684CC83AF5593F1C0FD95 /* [CP] Copy Pods Resources */,
			);
			buildRules = (
			);
			dependencies = (
			);
			name = iVK;
			productName = iVK;
			productReference = 3FD3AA5E1D14650D007918DA /* iVK.app */;
			productType = "com.apple.product-type.application";
		};
/* End PBXNativeTarget section */

/* Begin PBXProject section */
		3FD3AA561D14650D007918DA /* Project object */ = {
			isa = PBXProject;
			attributes = {
				LastUpgradeCheck = 0730;
				ORGANIZATIONNAME = Student;
				TargetAttributes = {
					3FD3AA5D1D14650D007918DA = {
						CreatedOnToolsVersion = 7.3.1;
					};
				};
			};
			buildConfigurationList = 3FD3AA591D14650D007918DA /* Build configuration list for PBXProject "iVK" */;
			compatibilityVersion = "Xcode 3.2";
			developmentRegion = English;
			hasScannedForEncodings = 0;
			knownRegions = (
				en,
				Base,
			);
			mainGroup = 3FD3AA551D14650D007918DA;
			productRefGroup = 3FD3AA5F1D14650D007918DA /* Products */;
			projectDirPath = "";
			projectRoot = "";
			targets = (
				3FD3AA5D1D14650D007918DA /* iVK */,
			);
		};
/* End PBXProject section */

/* Begin PBXResourcesBuildPhase section */
		3FD3AA5C1D14650D007918DA /* Resources */ = {
			isa = PBXResourcesBuildPhase;
			buildActionMask = 2147483647;
			files = (
				3FD3AA711D14650D007918DA /* LaunchScreen.storyboard in Resources */,
				3FD3AA6E1D14650D007918DA /* Assets.xcassets in Resources */,
			);
			runOnlyForDeploymentPostprocessing = 0;
		};
/* End PBXResourcesBuildPhase section */

/* Begin PBXShellScriptBuildPhase section */
		0B6684CC83AF5593F1C0FD95 /* [CP] Copy Pods Resources */ = {
			isa = PBXShellScriptBuildPhase;
			buildActionMask = 2147483647;
			files = (
			);
			inputPaths = (
			);
			name = "[CP] Copy Pods Resources";
			outputPaths = (
			);
			runOnlyForDeploymentPostprocessing = 0;
			shellPath = /bin/sh;
			shellScript = "\"${SRCROOT}/Pods/Target Support Files/Pods-iVK/Pods-iVK-resources.sh\"\n";
			showEnvVarsInLog = 0;
		};
		AEFD99589892FAEFD0F4441D /* [CP] Check Pods Manifest.lock */ = {
			isa = PBXShellScriptBuildPhase;
			buildActionMask = 2147483647;
			files = (
			);
			inputPaths = (
			);
			name = "[CP] Check Pods Manifest.lock";
			outputPaths = (
			);
			runOnlyForDeploymentPostprocessing = 0;
			shellPath = /bin/sh;
			shellScript = "diff \"${PODS_ROOT}/../Podfile.lock\" \"${PODS_ROOT}/Manifest.lock\" > /dev/null\nif [[ $? != 0 ]] ; then\n    cat << EOM\nerror: The sandbox is not in sync with the Podfile.lock. Run 'pod install' or update your CocoaPods installation.\nEOM\n    exit 1\nfi\n";
			showEnvVarsInLog = 0;
		};
		C07E7E87634DCC65511CB693 /* [CP] Embed Pods Frameworks */ = {
			isa = PBXShellScriptBuildPhase;
			buildActionMask = 2147483647;
			files = (
			);
			inputPaths = (
			);
			name = "[CP] Embed Pods Frameworks";
			outputPaths = (
			);
			runOnlyForDeploymentPostprocessing = 0;
			shellPath = /bin/sh;
			shellScript = "\"${SRCROOT}/Pods/Target Support Files/Pods-iVK/Pods-iVK-frameworks.sh\"\n";
			showEnvVarsInLog = 0;
		};
/* End PBXShellScriptBuildPhase section */

/* Begin PBXSourcesBuildPhase section */
		3FD3AA5A1D14650D007918DA /* Sources */ = {
			isa = PBXSourcesBuildPhase;
			buildActionMask = 2147483647;
			files = (
				3F5EABF91D26E17000E13F60 /* UIColor+CustomColors.m in Sources */,
				3FD3AA691D14650D007918DA /* ViewController.m in Sources */,
				3F6F87CE1D1D92E50041D86E /* IVKSignUpViewController.m in Sources */,
				3FD3AA661D14650D007918DA /* AppDelegate.m in Sources */,
				3F447A721D2AC32800378009 /* IVKSessionDataManager.m in Sources */,
				3FD3AA631D14650D007918DA /* main.m in Sources */,
				DD2B39471D27D8440055FAC7 /* IVKSignInViewController.m in Sources */,
			);
			runOnlyForDeploymentPostprocessing = 0;
		};
/* End PBXSourcesBuildPhase section */

/* Begin PBXVariantGroup section */
		3FD3AA6F1D14650D007918DA /* LaunchScreen.storyboard */ = {
			isa = PBXVariantGroup;
			children = (
				3FD3AA701D14650D007918DA /* Base */,
			);
			name = LaunchScreen.storyboard;
			sourceTree = "<group>";
		};
/* End PBXVariantGroup section */

/* Begin XCBuildConfiguration section */
		3FD3AA731D14650D007918DA /* Debug */ = {
			isa = XCBuildConfiguration;
			buildSettings = {
				ALWAYS_SEARCH_USER_PATHS = NO;
				CLANG_ANALYZER_NONNULL = YES;
				CLANG_CXX_LANGUAGE_STANDARD = "gnu++0x";
				CLANG_CXX_LIBRARY = "libc++";
				CLANG_ENABLE_MODULES = YES;
				CLANG_ENABLE_OBJC_ARC = YES;
				CLANG_WARN_BOOL_CONVERSION = YES;
				CLANG_WARN_CONSTANT_CONVERSION = YES;
				CLANG_WARN_DIRECT_OBJC_ISA_USAGE = YES_ERROR;
				CLANG_WARN_EMPTY_BODY = YES;
				CLANG_WARN_ENUM_CONVERSION = YES;
				CLANG_WARN_INT_CONVERSION = YES;
				CLANG_WARN_OBJC_ROOT_CLASS = YES_ERROR;
				CLANG_WARN_UNREACHABLE_CODE = YES;
				CLANG_WARN__DUPLICATE_METHOD_MATCH = YES;
				"CODE_SIGN_IDENTITY[sdk=iphoneos*]" = "iPhone Developer";
				COPY_PHASE_STRIP = NO;
				DEBUG_INFORMATION_FORMAT = dwarf;
				ENABLE_STRICT_OBJC_MSGSEND = YES;
				ENABLE_TESTABILITY = YES;
				GCC_C_LANGUAGE_STANDARD = gnu99;
				GCC_DYNAMIC_NO_PIC = NO;
				GCC_NO_COMMON_BLOCKS = YES;
				GCC_OPTIMIZATION_LEVEL = 0;
				GCC_PREPROCESSOR_DEFINITIONS = (
					"DEBUG=1",
					"$(inherited)",
				);
				GCC_WARN_64_TO_32_BIT_CONVERSION = YES;
				GCC_WARN_ABOUT_RETURN_TYPE = YES_ERROR;
				GCC_WARN_UNDECLARED_SELECTOR = YES;
				GCC_WARN_UNINITIALIZED_AUTOS = YES_AGGRESSIVE;
				GCC_WARN_UNUSED_FUNCTION = YES;
				GCC_WARN_UNUSED_VARIABLE = YES;
				IPHONEOS_DEPLOYMENT_TARGET = 9.3;
				MTL_ENABLE_DEBUG_INFO = YES;
				ONLY_ACTIVE_ARCH = YES;
				SDKROOT = iphoneos;
			};
			name = Debug;
		};
		3FD3AA741D14650D007918DA /* Release */ = {
			isa = XCBuildConfiguration;
			buildSettings = {
				ALWAYS_SEARCH_USER_PATHS = NO;
				CLANG_ANALYZER_NONNULL = YES;
				CLANG_CXX_LANGUAGE_STANDARD = "gnu++0x";
				CLANG_CXX_LIBRARY = "libc++";
				CLANG_ENABLE_MODULES = YES;
				CLANG_ENABLE_OBJC_ARC = YES;
				CLANG_WARN_BOOL_CONVERSION = YES;
				CLANG_WARN_CONSTANT_CONVERSION = YES;
				CLANG_WARN_DIRECT_OBJC_ISA_USAGE = YES_ERROR;
				CLANG_WARN_EMPTY_BODY = YES;
				CLANG_WARN_ENUM_CONVERSION = YES;
				CLANG_WARN_INT_CONVERSION = YES;
				CLANG_WARN_OBJC_ROOT_CLASS = YES_ERROR;
				CLANG_WARN_UNREACHABLE_CODE = YES;
				CLANG_WARN__DUPLICATE_METHOD_MATCH = YES;
				"CODE_SIGN_IDENTITY[sdk=iphoneos*]" = "iPhone Developer";
				COPY_PHASE_STRIP = NO;
				DEBUG_INFORMATION_FORMAT = "dwarf-with-dsym";
				ENABLE_NS_ASSERTIONS = NO;
				ENABLE_STRICT_OBJC_MSGSEND = YES;
				GCC_C_LANGUAGE_STANDARD = gnu99;
				GCC_NO_COMMON_BLOCKS = YES;
				GCC_WARN_64_TO_32_BIT_CONVERSION = YES;
				GCC_WARN_ABOUT_RETURN_TYPE = YES_ERROR;
				GCC_WARN_UNDECLARED_SELECTOR = YES;
				GCC_WARN_UNINITIALIZED_AUTOS = YES_AGGRESSIVE;
				GCC_WARN_UNUSED_FUNCTION = YES;
				GCC_WARN_UNUSED_VARIABLE = YES;
				IPHONEOS_DEPLOYMENT_TARGET = 9.3;
				MTL_ENABLE_DEBUG_INFO = NO;
				SDKROOT = iphoneos;
				VALIDATE_PRODUCT = YES;
			};
			name = Release;
		};
		3FD3AA761D14650D007918DA /* Debug */ = {
			isa = XCBuildConfiguration;
			baseConfigurationReference = 07E3A6FF703C37634865AE09 /* Pods-iVK.debug.xcconfig */;
			buildSettings = {
				ASSETCATALOG_COMPILER_APPICON_NAME = AppIcon;
				INFOPLIST_FILE = iVK/Info.plist;
				IPHONEOS_DEPLOYMENT_TARGET = 9.3;
				LD_RUNPATH_SEARCH_PATHS = "$(inherited) @executable_path/Frameworks";
				PRODUCT_BUNDLE_IDENTIFIER = www.iVK.com;
				PRODUCT_NAME = "$(TARGET_NAME)";
			};
			name = Debug;
		};
		3FD3AA771D14650D007918DA /* Release */ = {
			isa = XCBuildConfiguration;
			baseConfigurationReference = 82AA1BF2151F39A953035BFF /* Pods-iVK.release.xcconfig */;
			buildSettings = {
				ASSETCATALOG_COMPILER_APPICON_NAME = AppIcon;
				INFOPLIST_FILE = iVK/Info.plist;
				IPHONEOS_DEPLOYMENT_TARGET = 9.3;
				LD_RUNPATH_SEARCH_PATHS = "$(inherited) @executable_path/Frameworks";
				PRODUCT_BUNDLE_IDENTIFIER = www.iVK.com;
				PRODUCT_NAME = "$(TARGET_NAME)";
			};
			name = Release;
		};
/* End XCBuildConfiguration section */

/* Begin XCConfigurationList section */
		3FD3AA591D14650D007918DA /* Build configuration list for PBXProject "iVK" */ = {
			isa = XCConfigurationList;
			buildConfigurations = (
				3FD3AA731D14650D007918DA /* Debug */,
				3FD3AA741D14650D007918DA /* Release */,
			);
			defaultConfigurationIsVisible = 0;
			defaultConfigurationName = Release;
		};
		3FD3AA751D14650D007918DA /* Build configuration list for PBXNativeTarget "iVK" */ = {
			isa = XCConfigurationList;
			buildConfigurations = (
				3FD3AA761D14650D007918DA /* Debug */,
				3FD3AA771D14650D007918DA /* Release */,
			);
			defaultConfigurationIsVisible = 0;
			defaultConfigurationName = Release;
		};
/* End XCConfigurationList section */
	};
	rootObject = 3FD3AA561D14650D007918DA /* Project object */;
}
